// !$*UTF8*$!
{
	archiveVersion = 1;
	classes = {
	};
	objectVersion = 46;
	objects = {

/* Begin PBXBuildFile section */
		9F7BEA76170D22A400D34775 /* UIKit.framework in Frameworks */ = {isa = PBXBuildFile; fileRef = 9F7BEA75170D22A400D34775 /* UIKit.framework */; };
		9F7BEA78170D22A400D34775 /* Foundation.framework in Frameworks */ = {isa = PBXBuildFile; fileRef = 9F7BEA77170D22A400D34775 /* Foundation.framework */; };
		9F7BEA7A170D22A400D34775 /* CoreGraphics.framework in Frameworks */ = {isa = PBXBuildFile; fileRef = 9F7BEA79170D22A400D34775 /* CoreGraphics.framework */; };
		9F7BEA80170D22A400D34775 /* InfoPlist.strings in Resources */ = {isa = PBXBuildFile; fileRef = 9F7BEA7E170D22A400D34775 /* InfoPlist.strings */; };
		9F7BEA82170D22A400D34775 /* main.m in Sources */ = {isa = PBXBuildFile; fileRef = 9F7BEA81170D22A400D34775 /* main.m */; };
		9F7BEA86170D22A400D34775 /* AppDelegate.m in Sources */ = {isa = PBXBuildFile; fileRef = 9F7BEA85170D22A400D34775 /* AppDelegate.m */; };
		9F7BEA88170D22A400D34775 /* Default.png in Resources */ = {isa = PBXBuildFile; fileRef = 9F7BEA87170D22A400D34775 /* Default.png */; };
		9F7BEA8A170D22A400D34775 /* Default@2x.png in Resources */ = {isa = PBXBuildFile; fileRef = 9F7BEA89170D22A400D34775 /* Default@2x.png */; };
		9F7BEA8C170D22A400D34775 /* Default-568h@2x.png in Resources */ = {isa = PBXBuildFile; fileRef = 9F7BEA8B170D22A400D34775 /* Default-568h@2x.png */; };
		9F7BEA94170D22BF00D34775 /* MainViewController.m in Sources */ = {isa = PBXBuildFile; fileRef = 9F7BEA93170D22BF00D34775 /* MainViewController.m */; };
		9F7BEA97170D233400D34775 /* MyClass.m in Sources */ = {isa = PBXBuildFile; fileRef = 9F7BEA96170D233400D34775 /* MyClass.m */; };
		9F7BEAB4170D491D00D34775 /* BDView.m in Sources */ = {isa = PBXBuildFile; fileRef = 9F7BEAB3170D491D00D34775 /* BDView.m */; };
/* End PBXBuildFile section */

/* Begin PBXFileReference section */
		9F7BEA72170D22A400D34775 /* Blocks.app */ = {isa = PBXFileReference; explicitFileType = wrapper.application; includeInIndex = 0; path = Blocks.app; sourceTree = BUILT_PRODUCTS_DIR; };
		9F7BEA75170D22A400D34775 /* UIKit.framework */ = {isa = PBXFileReference; lastKnownFileType = wrapper.framework; name = UIKit.framework; path = System/Library/Frameworks/UIKit.framework; sourceTree = SDKROOT; };
		9F7BEA77170D22A400D34775 /* Foundation.framework */ = {isa = PBXFileReference; lastKnownFileType = wrapper.framework; name = Foundation.framework; path = System/Library/Frameworks/Foundation.framework; sourceTree = SDKROOT; };
		9F7BEA79170D22A400D34775 /* CoreGraphics.framework */ = {isa = PBXFileReference; lastKnownFileType = wrapper.framework; name = CoreGraphics.framework; path = System/Library/Frameworks/CoreGraphics.framework; sourceTree = SDKROOT; };
		9F7BEA7D170D22A400D34775 /* Blocks-Info.plist */ = {isa = PBXFileReference; lastKnownFileType = text.plist.xml; path = "Blocks-Info.plist"; sourceTree = "<group>"; };
		9F7BEA7F170D22A400D34775 /* en */ = {isa = PBXFileReference; lastKnownFileType = text.plist.strings; name = en; path = en.lproj/InfoPlist.strings; sourceTree = "<group>"; };
		9F7BEA81170D22A400D34775 /* main.m */ = {isa = PBXFileReference; lastKnownFileType = sourcecode.c.objc; path = main.m; sourceTree = "<group>"; };
		9F7BEA83170D22A400D34775 /* Blocks-Prefix.pch */ = {isa = PBXFileReference; lastKnownFileType = sourcecode.c.h; path = "Blocks-Prefix.pch"; sourceTree = "<group>"; };
		9F7BEA84170D22A400D34775 /* AppDelegate.h */ = {isa = PBXFileReference; lastKnownFileType = sourcecode.c.h; path = AppDelegate.h; sourceTree = "<group>"; };
		9F7BEA85170D22A400D34775 /* AppDelegate.m */ = {isa = PBXFileReference; lastKnownFileType = sourcecode.c.objc; path = AppDelegate.m; sourceTree = "<group>"; };
		9F7BEA87170D22A400D34775 /* Default.png */ = {isa = PBXFileReference; lastKnownFileType = image.png; path = Default.png; sourceTree = "<group>"; };
		9F7BEA89170D22A400D34775 /* Default@2x.png */ = {isa = PBXFileReference; lastKnownFileType = image.png; path = "Default@2x.png"; sourceTree = "<group>"; };
		9F7BEA8B170D22A400D34775 /* Default-568h@2x.png */ = {isa = PBXFileReference; lastKnownFileType = image.png; path = "Default-568h@2x.png"; sourceTree = "<group>"; };
		9F7BEA92170D22BF00D34775 /* MainViewController.h */ = {isa = PBXFileReference; fileEncoding = 4; lastKnownFileType = sourcecode.c.h; path = MainViewController.h; sourceTree = "<group>"; };
		9F7BEA93170D22BF00D34775 /* MainViewController.m */ = {isa = PBXFileReference; fileEncoding = 4; lastKnownFileType = sourcecode.c.objc; path = MainViewController.m; sourceTree = "<group>"; };
		9F7BEA95170D233400D34775 /* MyClass.h */ = {isa = PBXFileReference; fileEncoding = 4; lastKnownFileType = sourcecode.c.h; path = MyClass.h; sourceTree = "<group>"; };
		9F7BEA96170D233400D34775 /* MyClass.m */ = {isa = PBXFileReference; fileEncoding = 4; lastKnownFileType = sourcecode.c.objc; path = MyClass.m; sourceTree = "<group>"; };
		9F7BEAB2170D491D00D34775 /* BDView.h */ = {isa = PBXFileReference; fileEncoding = 4; lastKnownFileType = sourcecode.c.h; path = BDView.h; sourceTree = "<group>"; };
		9F7BEAB3170D491D00D34775 /* BDView.m */ = {isa = PBXFileReference; fileEncoding = 4; lastKnownFileType = sourcecode.c.objc; path = BDView.m; sourceTree = "<group>"; };
/* End PBXFileReference section */

/* Begin PBXFrameworksBuildPhase section */
		9F7BEA6F170D22A400D34775 /* Frameworks */ = {
			isa = PBXFrameworksBuildPhase;
			buildActionMask = 2147483647;
			files = (
				9F7BEA76170D22A400D34775 /* UIKit.framework in Frameworks */,
				9F7BEA78170D22A400D34775 /* Foundation.framework in Frameworks */,
				9F7BEA7A170D22A400D34775 /* CoreGraphics.framework in Frameworks */,
			);
			runOnlyForDeploymentPostprocessing = 0;
		};
/* End PBXFrameworksBuildPhase section */

/* Begin PBXGroup section */
		9F7BEA69170D22A400D34775 = {
			isa = PBXGroup;
			children = (
				9F7BEA7B170D22A400D34775 /* Blocks */,
				9F7BEA74170D22A400D34775 /* Frameworks */,
				9F7BEA73170D22A400D34775 /* Products */,
			);
			sourceTree = "<group>";
		};
		9F7BEA73170D22A400D34775 /* Products */ = {
			isa = PBXGroup;
			children = (
				9F7BEA72170D22A400D34775 /* Blocks.app */,
			);
			name = Products;
			sourceTree = "<group>";
		};
		9F7BEA74170D22A400D34775 /* Frameworks */ = {
			isa = PBXGroup;
			children = (
				9F7BEA75170D22A400D34775 /* UIKit.framework */,
				9F7BEA77170D22A400D34775 /* Foundation.framework */,
				9F7BEA79170D22A400D34775 /* CoreGraphics.framework */,
			);
			name = Frameworks;
			sourceTree = "<group>";
		};
		9F7BEA7B170D22A400D34775 /* Blocks */ = {
			isa = PBXGroup;
			children = (
				9F7BEA84170D22A400D34775 /* AppDelegate.h */,
				9F7BEA85170D22A400D34775 /* AppDelegate.m */,
				9F7BEA92170D22BF00D34775 /* MainViewController.h */,
				9F7BEA93170D22BF00D34775 /* MainViewController.m */,
				9F7BEA95170D233400D34775 /* MyClass.h */,
				9F7BEA96170D233400D34775 /* MyClass.m */,
				9F7BEAB2170D491D00D34775 /* BDView.h */,
				9F7BEAB3170D491D00D34775 /* BDView.m */,
				9F7BEA7C170D22A400D34775 /* Supporting Files */,
			);
			path = Blocks;
			sourceTree = "<group>";
		};
		9F7BEA7C170D22A400D34775 /* Supporting Files */ = {
			isa = PBXGroup;
			children = (
				9F7BEA7D170D22A400D34775 /* Blocks-Info.plist */,
				9F7BEA7E170D22A400D34775 /* InfoPlist.strings */,
				9F7BEA81170D22A400D34775 /* main.m */,
				9F7BEA83170D22A400D34775 /* Blocks-Prefix.pch */,
				9F7BEA87170D22A400D34775 /* Default.png */,
				9F7BEA89170D22A400D34775 /* Default@2x.png */,
				9F7BEA8B170D22A400D34775 /* Default-568h@2x.png */,
			);
			name = "Supporting Files";
			sourceTree = "<group>";
		};
/* End PBXGroup section */

/* Begin PBXNativeTarget section */
		9F7BEA71170D22A400D34775 /* Blocks */ = {
			isa = PBXNativeTarget;
			buildConfigurationList = 9F7BEA8F170D22A400D34775 /* Build configuration list for PBXNativeTarget "Blocks" */;
			buildPhases = (
				9F7BEA6E170D22A400D34775 /* Sources */,
				9F7BEA6F170D22A400D34775 /* Frameworks */,
				9F7BEA70170D22A400D34775 /* Resources */,
			);
			buildRules = (
			);
			dependencies = (
			);
			name = Blocks;
			productName = Blocks;
			productReference = 9F7BEA72170D22A400D34775 /* Blocks.app */;
			productType = "com.apple.product-type.application";
		};
/* End PBXNativeTarget section */

/* Begin PBXProject section */
		9F7BEA6A170D22A400D34775 /* Project object */ = {
			isa = PBXProject;
			attributes = {
				LastUpgradeCheck = 0460;
				ORGANIZATIONNAME = Orchard;
			};
			buildConfigurationList = 9F7BEA6D170D22A400D34775 /* Build configuration list for PBXProject "Blocks" */;
			compatibilityVersion = "Xcode 3.2";
			developmentRegion = English;
			hasScannedForEncodings = 0;
			knownRegions = (
				en,
			);
			mainGroup = 9F7BEA69170D22A400D34775;
			productRefGroup = 9F7BEA73170D22A400D34775 /* Products */;
			projectDirPath = "";
			projectRoot = "";
			targets = (
				9F7BEA71170D22A400D34775 /* Blocks */,
			);
		};
/* End PBXProject section */

/* Begin PBXResourcesBuildPhase section */
		9F7BEA70170D22A400D34775 /* Resources */ = {
			isa = PBXResourcesBuildPhase;
			buildActionMask = 2147483647;
			files = (
				9F7BEA80170D22A400D34775 /* InfoPlist.strings in Resources */,
				9F7BEA88170D22A400D34775 /* Default.png in Resources */,
				9F7BEA8A170D22A400D34775 /* Default@2x.png in Resources */,
				9F7BEA8C170D22A400D34775 /* Default-568h@2x.png in Resources */,
			);
			runOnlyForDeploymentPostprocessing = 0;
		};
/* End PBXResourcesBuildPhase section */

/* Begin PBXSourcesBuildPhase section */
		9F7BEA6E170D22A400D34775 /* Sources */ = {
			isa = PBXSourcesBuildPhase;
			buildActionMask = 2147483647;
			files = (
				9F7BEA82170D22A400D34775 /* main.m in Sources */,
				9F7BEA86170D22A400D34775 /* AppDelegate.m in Sources */,
				9F7BEA94170D22BF00D34775 /* MainViewController.m in Sources */,
				9F7BEA97170D233400D34775 /* MyClass.m in Sources */,
				9F7BEAB4170D491D00D34775 /* BDView.m in Sources */,
			);
			runOnlyForDeploymentPostprocessing = 0;
		};
/* End PBXSourcesBuildPhase section */

/* Begin PBXVariantGroup section */
		9F7BEA7E170D22A400D34775 /* InfoPlist.strings */ = {
			isa = PBXVariantGroup;
			children = (
				9F7BEA7F170D22A400D34775 /* en */,
			);
			name = InfoPlist.strings;
			sourceTree = "<group>";
		};
/* End PBXVariantGroup section */

/* Begin XCBuildConfiguration section */
		9F7BEA8D170D22A400D34775 /* Debug */ = {
			isa = XCBuildConfiguration;
			buildSettings = {
				ALWAYS_SEARCH_USER_PATHS = NO;
				CLANG_CXX_LANGUAGE_STANDARD = "gnu++0x";
				CLANG_CXX_LIBRARY = "libc++";
				CLANG_WARN_CONSTANT_CONVERSION = YES;
				CLANG_WARN_EMPTY_BODY = YES;
				CLANG_WARN_ENUM_CONVERSION = YES;
				CLANG_WARN_INT_CONVERSION = YES;
				CLANG_WARN__DUPLICATE_METHOD_MATCH = YES;
				"CODE_SIGN_IDENTITY[sdk=iphoneos*]" = "iPhone Developer";
				COPY_PHASE_STRIP = NO;
				GCC_C_LANGUAGE_STANDARD = gnu99;
				GCC_DYNAMIC_NO_PIC = NO;
				GCC_OPTIMIZATION_LEVEL = 0;
				GCC_PREPROCESSOR_DEFINITIONS = (
					"DEBUG=1",
					"$(inherited)",
				);
				GCC_SYMBOLS_PRIVATE_EXTERN = NO;
				GCC_WARN_ABOUT_RETURN_TYPE = YES;
				GCC_WARN_UNINITIALIZED_AUTOS = YES;
				GCC_WARN_UNUSED_VARIABLE = YES;
				IPHONEOS_DEPLOYMENT_TARGET = 6.1;
				ONLY_ACTIVE_ARCH = YES;
				SDKROOT = iphoneos;
			};
			name = Debug;
		};
		9F7BEA8E170D22A400D34775 /* Release */ = {
			isa = XCBuildConfiguration;
			buildSettings = {
				ALWAYS_SEARCH_USER_PATHS = NO;
				CLANG_CXX_LANGUAGE_STANDARD = "gnu++0x";
				CLANG_CXX_LIBRARY = "libc++";
				CLANG_WARN_CONSTANT_CONVERSION = YES;
				CLANG_WARN_EMPTY_BODY = YES;
				CLANG_WARN_ENUM_CONVERSION = YES;
				CLANG_WARN_INT_CONVERSION = YES;
				CLANG_WARN__DUPLICATE_METHOD_MATCH = YES;
				"CODE_SIGN_IDENTITY[sdk=iphoneos*]" = "iPhone Developer";
				COPY_PHASE_STRIP = YES;
				GCC_C_LANGUAGE_STANDARD = gnu99;
				GCC_WARN_ABOUT_RETURN_TYPE = YES;
				GCC_WARN_UNINITIALIZED_AUTOS = YES;
				GCC_WARN_UNUSED_VARIABLE = YES;
				IPHONEOS_DEPLOYMENT_TARGET = 6.1;
				OTHER_CFLAGS = "-DNS_BLOCK_ASSERTIONS=1";
				SDKROOT = iphoneos;
				VALIDATE_PRODUCT = YES;
			};
			name = Release;
		};
		9F7BEA90170D22A400D34775 /* Debug */ = {
			isa = XCBuildConfiguration;
			buildSettings = {
				GCC_PRECOMPILE_PREFIX_HEADER = YES;
				GCC_PREFIX_HEADER = "Blocks/Blocks-Prefix.pch";
				INFOPLIST_FILE = "Blocks/Blocks-Info.plist";
				PRODUCT_NAME = "$(TARGET_NAME)";
				WRAPPER_EXTENSION = app;
			};
			name = Debug;
		};
		9F7BEA91170D22A400D34775 /* Release */ = {
			isa = XCBuildConfiguration;
			buildSettings = {
				GCC_PRECOMPILE_PREFIX_HEADER = YES;
				GCC_PREFIX_HEADER = "Blocks/Blocks-Prefix.pch";
				INFOPLIST_FILE = "Blocks/Blocks-Info.plist";
				PRODUCT_NAME = "$(TARGET_NAME)";
				WRAPPER_EXTENSION = app;
			};
			name = Release;
		};
/* End XCBuildConfiguration section */

/* Begin XCConfigurationList section */
		9F7BEA6D170D22A400D34775 /* Build configuration list for PBXProject "Blocks" */ = {
			isa = XCConfigurationList;
			buildConfigurations = (
				9F7BEA8D170D22A400D34775 /* Debug */,
				9F7BEA8E170D22A400D34775 /* Release */,
			);
			defaultConfigurationIsVisible = 0;
			defaultConfigurationName = Release;
		};
		9F7BEA8F170D22A400D34775 /* Build configuration list for PBXNativeTarget "Blocks" */ = {
			isa = XCConfigurationList;
			buildConfigurations = (
				9F7BEA90170D22A400D34775 /* Debug */,
				9F7BEA91170D22A400D34775 /* Release */,
			);
			defaultConfigurationIsVisible = 0;
		};
/* End XCConfigurationList section */
	};
	rootObject = 9F7BEA6A170D22A400D34775 /* Project object */;
}
